
Microsoft Visual Studio Solution File, Format Version 12.00
# Visual Studio Version 17
VisualStudioVersion = 17.0.31717.71
MinimumVisualStudioVersion = 10.0.40219.1
Project("{FAE04EC0-301F-11D3-BF4B-00C04F79EFBC}") = "PageTracker.API", "src\PageTracker.API\PageTracker.API.csproj", "{471F8B3E-3773-44E3-B4D0-01C5CB9BE7DD}"
EndProject
Project("{2150E333-8FDC-42A3-9474-1A3956D46DE8}") = "src", "src", "{2C6FA4C3-DD23-4E85-85F0-6F49AF619EB7}"
EndProject
Project("{2150E333-8FDC-42A3-9474-1A3956D46DE8}") = "tests", "tests", "{D3912805-56D2-4B59-96EC-C889BA252D11}"
EndProject
Project("{FAE04EC0-301F-11D3-BF4B-00C04F79EFBC}") = "PageTracker.Api.Tests", "tests\PageTracker.Api.Tests\PageTracker.Api.Tests.csproj", "{0C2C0374-3855-4880-9847-7E6EA8C2F040}"
EndProject
Project("{2150E333-8FDC-42A3-9474-1A3956D46DE8}") = "Solution Items", "Solution Items", "{EF40967C-2437-4E08-A38F-3BD26303AF1B}"
	ProjectSection(SolutionItems) = preProject
		.gitignore = .gitignore
		README.md = README.md
	EndProjectSection
EndProject
Global
	GlobalSection(SolutionConfigurationPlatforms) = preSolution
		Debug|Any CPU = Debug|Any CPU
		Release|Any CPU = Release|Any CPU
	EndGlobalSection
	GlobalSection(ProjectConfigurationPlatforms) = postSolution
		{471F8B3E-3773-44E3-B4D0-01C5CB9BE7DD}.Debug|Any CPU.ActiveCfg = Debug|Any CPU
		{471F8B3E-3773-44E3-B4D0-01C5CB9BE7DD}.Debug|Any CPU.Build.0 = Debug|Any CPU
		{471F8B3E-3773-44E3-B4D0-01C5CB9BE7DD}.Release|Any CPU.ActiveCfg = Release|Any CPU
		{471F8B3E-3773-44E3-B4D0-01C5CB9BE7DD}.Release|Any CPU.Build.0 = Release|Any CPU
		{0C2C0374-3855-4880-9847-7E6EA8C2F040}.Debug|Any CPU.ActiveCfg = Debug|Any CPU
		{0C2C0374-3855-4880-9847-7E6EA8C2F040}.Debug|Any CPU.Build.0 = Debug|Any CPU
		{0C2C0374-3855-4880-9847-7E6EA8C2F040}.Release|Any CPU.ActiveCfg = Release|Any CPU
		{0C2C0374-3855-4880-9847-7E6EA8C2F040}.Release|Any CPU.Build.0 = Release|Any CPU
	EndGlobalSection
	GlobalSection(SolutionProperties) = preSolution
		HideSolutionNode = FALSE
	EndGlobalSection
	GlobalSection(NestedProjects) = preSolution
		{471F8B3E-3773-44E3-B4D0-01C5CB9BE7DD} = {2C6FA4C3-DD23-4E85-85F0-6F49AF619EB7}
		{0C2C0374-3855-4880-9847-7E6EA8C2F040} = {D3912805-56D2-4B59-96EC-C889BA252D11}
	EndGlobalSection
	GlobalSection(ExtensibilityGlobals) = postSolution
		SolutionGuid = {25E3256F-36BC-485A-B27F-7EAC453EA111}
	EndGlobalSection
EndGlobal
